
Microsoft Visual Studio Solution File, Format Version 12.00
# Visual Studio 14
VisualStudioVersion = 14.0.24720.0
MinimumVisualStudioVersion = 10.0.40219.1
Project("{FAE04EC0-301F-11D3-BF4B-00C04F79EFBC}") = "ConnectR", "ConnectR\ConnectR.csproj", "{9C1D2D5A-BA1A-45E9-8FB2-161492C94834}"
EndProject
Project("{FAE04EC0-301F-11D3-BF4B-00C04F79EFBC}") = "ConnectR.Tests", "ConnectR.Tests\ConnectR.Tests.csproj", "{3B5F9522-6B77-4BB7-ACEB-7C07A53C7A8C}"
EndProject
Global
	GlobalSection(SolutionConfigurationPlatforms) = preSolution
		Debug|Any CPU = Debug|Any CPU
		Release|Any CPU = Release|Any CPU
	EndGlobalSection
	GlobalSection(ProjectConfigurationPlatforms) = postSolution
		{9C1D2D5A-BA1A-45E9-8FB2-161492C94834}.Debug|Any CPU.ActiveCfg = Debug|Any CPU
		{9C1D2D5A-BA1A-45E9-8FB2-161492C94834}.Debug|Any CPU.Build.0 = Debug|Any CPU
		{9C1D2D5A-BA1A-45E9-8FB2-161492C94834}.Release|Any CPU.ActiveCfg = Release|Any CPU
		{9C1D2D5A-BA1A-45E9-8FB2-161492C94834}.Release|Any CPU.Build.0 = Release|Any CPU
		{3B5F9522-6B77-4BB7-ACEB-7C07A53C7A8C}.Debug|Any CPU.ActiveCfg = Debug|Any CPU
		{3B5F9522-6B77-4BB7-ACEB-7C07A53C7A8C}.Debug|Any CPU.Build.0 = Debug|Any CPU
		{3B5F9522-6B77-4BB7-ACEB-7C07A53C7A8C}.Release|Any CPU.ActiveCfg = Release|Any CPU
		{3B5F9522-6B77-4BB7-ACEB-7C07A53C7A8C}.Release|Any CPU.Build.0 = Release|Any CPU
	EndGlobalSection
	GlobalSection(SolutionProperties) = preSolution
		HideSolutionNode = FALSE
	EndGlobalSection
EndGlobal
